
Microsoft Visual Studio Solution File, Format Version 12.00
# Visual Studio Version 16
VisualStudioVersion = 16.0.31702.278
MinimumVisualStudioVersion = 10.0.40219.1
Project("{FAE04EC0-301F-11D3-BF4B-00C04F79EFBC}") = "CreateRoomTags", "CreateRoomTags\CreateRoomTags.csproj", "{8774AA6D-BDAB-43B3-89B0-C3A7B7E8480E}"
EndProject
Global
	GlobalSection(SolutionConfigurationPlatforms) = preSolution
		Debug|Any CPU = Debug|Any CPU
		Release|Any CPU = Release|Any CPU
	EndGlobalSection
	GlobalSection(ProjectConfigurationPlatforms) = postSolution
		{8774AA6D-BDAB-43B3-89B0-C3A7B7E8480E}.Debug|Any CPU.ActiveCfg = Debug|Any CPU
		{8774AA6D-BDAB-43B3-89B0-C3A7B7E8480E}.Debug|Any CPU.Build.0 = Debug|Any CPU
		{8774AA6D-BDAB-43B3-89B0-C3A7B7E8480E}.Release|Any CPU.ActiveCfg = Release|Any CPU
		{8774AA6D-BDAB-43B3-89B0-C3A7B7E8480E}.Release|Any CPU.Build.0 = Release|Any CPU
	EndGlobalSection
	GlobalSection(SolutionProperties) = preSolution
		HideSolutionNode = FALSE
	EndGlobalSection
	GlobalSection(ExtensibilityGlobals) = postSolution
		SolutionGuid = {573A9E6E-119A-4F7D-BD1F-35B29AC89600}
	EndGlobalSection
EndGlobal
